// !$*UTF8*$!
{
	archiveVersion = 1;
	classes = {
	};
	objectVersion = 77;
	objects = {

/* Begin PBXContainerItemProxy section */
		2E48FC232CC77E6F00B94937 /* PBXContainerItemProxy */ = {
			isa = PBXContainerItemProxy;
			containerPortal = 2E48FC0A2CC77E6D00B94937 /* Project object */;
			proxyType = 1;
			remoteGlobalIDString = 2E48FC112CC77E6D00B94937;
			remoteInfo = Challenge22;
		};
		2E48FC2D2CC77E6F00B94937 /* PBXContainerItemProxy */ = {
			isa = PBXContainerItemProxy;
			containerPortal = 2E48FC0A2CC77E6D00B94937 /* Project object */;
			proxyType = 1;
			remoteGlobalIDString = 2E48FC112CC77E6D00B94937;
			remoteInfo = Challenge22;
		};
/* End PBXContainerItemProxy section */

/* Begin PBXFileReference section */
		2E48FC122CC77E6D00B94937 /* Challenge22.app */ = {isa = PBXFileReference; explicitFileType = wrapper.application; includeInIndex = 0; path = Challenge22.app; sourceTree = BUILT_PRODUCTS_DIR; };
		2E48FC222CC77E6F00B94937 /* Challenge22Tests.xctest */ = {isa = PBXFileReference; explicitFileType = wrapper.cfbundle; includeInIndex = 0; path = Challenge22Tests.xctest; sourceTree = BUILT_PRODUCTS_DIR; };
		2E48FC2C2CC77E6F00B94937 /* Challenge22UITests.xctest */ = {isa = PBXFileReference; explicitFileType = wrapper.cfbundle; includeInIndex = 0; path = Challenge22UITests.xctest; sourceTree = BUILT_PRODUCTS_DIR; };
/* End PBXFileReference section */

/* Begin PBXFileSystemSynchronizedRootGroup section */
		2E48FC142CC77E6D00B94937 /* Challenge22 */ = {
			isa = PBXFileSystemSynchronizedRootGroup;
			path = Challenge22;
			sourceTree = "<group>";
		};
		2E48FC252CC77E6F00B94937 /* Challenge22Tests */ = {
			isa = PBXFileSystemSynchronizedRootGroup;
			path = Challenge22Tests;
			sourceTree = "<group>";
		};
		2E48FC2F2CC77E6F00B94937 /* Challenge22UITests */ = {
			isa = PBXFileSystemSynchronizedRootGroup;
			path = Challenge22UITests;
			sourceTree = "<group>";
		};
/* End PBXFileSystemSynchronizedRootGroup section */

/* Begin PBXFrameworksBuildPhase section */
		2E48FC0F2CC77E6D00B94937 /* Frameworks */ = {
			isa = PBXFrameworksBuildPhase;
			buildActionMask = 2147483647;
			files = (
			);
			runOnlyForDeploymentPostprocessing = 0;
		};
		2E48FC1F2CC77E6F00B94937 /* Frameworks */ = {
			isa = PBXFrameworksBuildPhase;
			buildActionMask = 2147483647;
			files = (
			);
			runOnlyForDeploymentPostprocessing = 0;
		};
		2E48FC292CC77E6F00B94937 /* Frameworks */ = {
			isa = PBXFrameworksBuildPhase;
			buildActionMask = 2147483647;
			files = (
			);
			runOnlyForDeploymentPostprocessing = 0;
		};
/* End PBXFrameworksBuildPhase section */

/* Begin PBXGroup section */
		2E48FC092CC77E6D00B94937 = {
			isa = PBXGroup;
			children = (
				2E48FC142CC77E6D00B94937 /* Challenge22 */,
				2E48FC252CC77E6F00B94937 /* Challenge22Tests */,
				2E48FC2F2CC77E6F00B94937 /* Challenge22UITests */,
				2E48FC132CC77E6D00B94937 /* Products */,
			);
			sourceTree = "<group>";
		};
		2E48FC132CC77E6D00B94937 /* Products */ = {
			isa = PBXGroup;
			children = (
				2E48FC122CC77E6D00B94937 /* Challenge22.app */,
				2E48FC222CC77E6F00B94937 /* Challenge22Tests.xctest */,
				2E48FC2C2CC77E6F00B94937 /* Challenge22UITests.xctest */,
			);
			name = Products;
			sourceTree = "<group>";
		};
/* End PBXGroup section */

/* Begin PBXNativeTarget section */
		2E48FC112CC77E6D00B94937 /* Challenge22 */ = {
			isa = PBXNativeTarget;
			buildConfigurationList = 2E48FC362CC77E6F00B94937 /* Build configuration list for PBXNativeTarget "Challenge22" */;
			buildPhases = (
				2E48FC0E2CC77E6D00B94937 /* Sources */,
				2E48FC0F2CC77E6D00B94937 /* Frameworks */,
				2E48FC102CC77E6D00B94937 /* Resources */,
			);
			buildRules = (
			);
			dependencies = (
			);
			fileSystemSynchronizedGroups = (
				2E48FC142CC77E6D00B94937 /* Challenge22 */,
			);
			name = Challenge22;
			packageProductDependencies = (
			);
			productName = Challenge22;
			productReference = 2E48FC122CC77E6D00B94937 /* Challenge22.app */;
			productType = "com.apple.product-type.application";
		};
		2E48FC212CC77E6F00B94937 /* Challenge22Tests */ = {
			isa = PBXNativeTarget;
			buildConfigurationList = 2E48FC392CC77E6F00B94937 /* Build configuration list for PBXNativeTarget "Challenge22Tests" */;
			buildPhases = (
				2E48FC1E2CC77E6F00B94937 /* Sources */,
				2E48FC1F2CC77E6F00B94937 /* Frameworks */,
				2E48FC202CC77E6F00B94937 /* Resources */,
			);
			buildRules = (
			);
			dependencies = (
				2E48FC242CC77E6F00B94937 /* PBXTargetDependency */,
			);
			fileSystemSynchronizedGroups = (
				2E48FC252CC77E6F00B94937 /* Challenge22Tests */,
			);
			name = Challenge22Tests;
			packageProductDependencies = (
			);
			productName = Challenge22Tests;
			productReference = 2E48FC222CC77E6F00B94937 /* Challenge22Tests.xctest */;
			productType = "com.apple.product-type.bundle.unit-test";
		};
		2E48FC2B2CC77E6F00B94937 /* Challenge22UITests */ = {
			isa = PBXNativeTarget;
			buildConfigurationList = 2E48FC3C2CC77E6F00B94937 /* Build configuration list for PBXNativeTarget "Challenge22UITests" */;
			buildPhases = (
				2E48FC282CC77E6F00B94937 /* Sources */,
				2E48FC292CC77E6F00B94937 /* Frameworks */,
				2E48FC2A2CC77E6F00B94937 /* Resources */,
			);
			buildRules = (
			);
			dependencies = (
				2E48FC2E2CC77E6F00B94937 /* PBXTargetDependency */,
			);
			fileSystemSynchronizedGroups = (
				2E48FC2F2CC77E6F00B94937 /* Challenge22UITests */,
			);
			name = Challenge22UITests;
			packageProductDependencies = (
			);
			productName = Challenge22UITests;
			productReference = 2E48FC2C2CC77E6F00B94937 /* Challenge22UITests.xctest */;
			productType = "com.apple.product-type.bundle.ui-testing";
		};
/* End PBXNativeTarget section */

/* Begin PBXProject section */
		2E48FC0A2CC77E6D00B94937 /* Project object */ = {
			isa = PBXProject;
			attributes = {
				BuildIndependentTargetsInParallel = 1;
				LastSwiftUpdateCheck = 1600;
				LastUpgradeCheck = 1600;
				TargetAttributes = {
					2E48FC112CC77E6D00B94937 = {
						CreatedOnToolsVersion = 16.0;
					};
					2E48FC212CC77E6F00B94937 = {
						CreatedOnToolsVersion = 16.0;
						TestTargetID = 2E48FC112CC77E6D00B94937;
					};
					2E48FC2B2CC77E6F00B94937 = {
						CreatedOnToolsVersion = 16.0;
						TestTargetID = 2E48FC112CC77E6D00B94937;
					};
				};
			};
			buildConfigurationList = 2E48FC0D2CC77E6D00B94937 /* Build configuration list for PBXProject "Challenge22" */;
			developmentRegion = en;
			hasScannedForEncodings = 0;
			knownRegions = (
				en,
				Base,
			);
			mainGroup = 2E48FC092CC77E6D00B94937;
			minimizedProjectReferenceProxies = 1;
			preferredProjectObjectVersion = 77;
			productRefGroup = 2E48FC132CC77E6D00B94937 /* Products */;
			projectDirPath = "";
			projectRoot = "";
			targets = (
				2E48FC112CC77E6D00B94937 /* Challenge22 */,
				2E48FC212CC77E6F00B94937 /* Challenge22Tests */,
				2E48FC2B2CC77E6F00B94937 /* Challenge22UITests */,
			);
		};
/* End PBXProject section */

/* Begin PBXResourcesBuildPhase section */
		2E48FC102CC77E6D00B94937 /* Resources */ = {
			isa = PBXResourcesBuildPhase;
			buildActionMask = 2147483647;
			files = (
			);
			runOnlyForDeploymentPostprocessing = 0;
		};
		2E48FC202CC77E6F00B94937 /* Resources */ = {
			isa = PBXResourcesBuildPhase;
			buildActionMask = 2147483647;
			files = (
			);
			runOnlyForDeploymentPostprocessing = 0;
		};
		2E48FC2A2CC77E6F00B94937 /* Resources */ = {
			isa = PBXResourcesBuildPhase;
			buildActionMask = 2147483647;
			files = (
			);
			runOnlyForDeploymentPostprocessing = 0;
		};
/* End PBXResourcesBuildPhase section */

/* Begin PBXSourcesBuildPhase section */
		2E48FC0E2CC77E6D00B94937 /* Sources */ = {
			isa = PBXSourcesBuildPhase;
			buildActionMask = 2147483647;
			files = (
			);
			runOnlyForDeploymentPostprocessing = 0;
		};
		2E48FC1E2CC77E6F00B94937 /* Sources */ = {
			isa = PBXSourcesBuildPhase;
			buildActionMask = 2147483647;
			files = (
			);
			runOnlyForDeploymentPostprocessing = 0;
		};
		2E48FC282CC77E6F00B94937 /* Sources */ = {
			isa = PBXSourcesBuildPhase;
			buildActionMask = 2147483647;
			files = (
			);
			runOnlyForDeploymentPostprocessing = 0;
		};
/* End PBXSourcesBuildPhase section */

/* Begin PBXTargetDependency section */
		2E48FC242CC77E6F00B94937 /* PBXTargetDependency */ = {
			isa = PBXTargetDependency;
			target = 2E48FC112CC77E6D00B94937 /* Challenge22 */;
			targetProxy = 2E48FC232CC77E6F00B94937 /* PBXContainerItemProxy */;
		};
		2E48FC2E2CC77E6F00B94937 /* PBXTargetDependency */ = {
			isa = PBXTargetDependency;
			target = 2E48FC112CC77E6D00B94937 /* Challenge22 */;
			targetProxy = 2E48FC2D2CC77E6F00B94937 /* PBXContainerItemProxy */;
		};
/* End PBXTargetDependency section */

/* Begin XCBuildConfiguration section */
		2E48FC342CC77E6F00B94937 /* Debug */ = {
			isa = XCBuildConfiguration;
			buildSettings = {
				ALWAYS_SEARCH_USER_PATHS = NO;
				ASSETCATALOG_COMPILER_GENERATE_SWIFT_ASSET_SYMBOL_EXTENSIONS = YES;
				CLANG_ANALYZER_NONNULL = YES;
				CLANG_ANALYZER_NUMBER_OBJECT_CONVERSION = YES_AGGRESSIVE;
				CLANG_CXX_LANGUAGE_STANDARD = "gnu++20";
				CLANG_ENABLE_MODULES = YES;
				CLANG_ENABLE_OBJC_ARC = YES;
				CLANG_ENABLE_OBJC_WEAK = YES;
				CLANG_WARN_BLOCK_CAPTURE_AUTORELEASING = YES;
				CLANG_WARN_BOOL_CONVERSION = YES;
				CLANG_WARN_COMMA = YES;
				CLANG_WARN_CONSTANT_CONVERSION = YES;
				CLANG_WARN_DEPRECATED_OBJC_IMPLEMENTATIONS = YES;
				CLANG_WARN_DIRECT_OBJC_ISA_USAGE = YES_ERROR;
				CLANG_WARN_DOCUMENTATION_COMMENTS = YES;
				CLANG_WARN_EMPTY_BODY = YES;
				CLANG_WARN_ENUM_CONVERSION = YES;
				CLANG_WARN_INFINITE_RECURSION = YES;
				CLANG_WARN_INT_CONVERSION = YES;
				CLANG_WARN_NON_LITERAL_NULL_CONVERSION = YES;
				CLANG_WARN_OBJC_IMPLICIT_RETAIN_SELF = YES;
				CLANG_WARN_OBJC_LITERAL_CONVERSION = YES;
				CLANG_WARN_OBJC_ROOT_CLASS = YES_ERROR;
				CLANG_WARN_QUOTED_INCLUDE_IN_FRAMEWORK_HEADER = YES;
				CLANG_WARN_RANGE_LOOP_ANALYSIS = YES;
				CLANG_WARN_STRICT_PROTOTYPES = YES;
				CLANG_WARN_SUSPICIOUS_MOVE = YES;
				CLANG_WARN_UNGUARDED_AVAILABILITY = YES_AGGRESSIVE;
				CLANG_WARN_UNREACHABLE_CODE = YES;
				CLANG_WARN__DUPLICATE_METHOD_MATCH = YES;
				COPY_PHASE_STRIP = NO;
				DEBUG_INFORMATION_FORMAT = dwarf;
				ENABLE_STRICT_OBJC_MSGSEND = YES;
				ENABLE_TESTABILITY = YES;
				ENABLE_USER_SCRIPT_SANDBOXING = YES;
				GCC_C_LANGUAGE_STANDARD = gnu17;
				GCC_DYNAMIC_NO_PIC = NO;
				GCC_NO_COMMON_BLOCKS = YES;
				GCC_OPTIMIZATION_LEVEL = 0;
				GCC_PREPROCESSOR_DEFINITIONS = (
					"DEBUG=1",
					"$(inherited)",
				);
				GCC_WARN_64_TO_32_BIT_CONVERSION = YES;
				GCC_WARN_ABOUT_RETURN_TYPE = YES_ERROR;
				GCC_WARN_UNDECLARED_SELECTOR = YES;
				GCC_WARN_UNINITIALIZED_AUTOS = YES_AGGRESSIVE;
				GCC_WARN_UNUSED_FUNCTION = YES;
				GCC_WARN_UNUSED_VARIABLE = YES;
				IPHONEOS_DEPLOYMENT_TARGET = 18.0;
				LOCALIZATION_PREFERS_STRING_CATALOGS = YES;
				MTL_ENABLE_DEBUG_INFO = INCLUDE_SOURCE;
				MTL_FAST_MATH = YES;
				ONLY_ACTIVE_ARCH = YES;
				SDKROOT = iphoneos;
				SWIFT_ACTIVE_COMPILATION_CONDITIONS = "DEBUG $(inherited)";
				SWIFT_OPTIMIZATION_LEVEL = "-Onone";
			};
			name = Debug;
		};
		2E48FC352CC77E6F00B94937 /* Release */ = {
			isa = XCBuildConfiguration;
			buildSettings = {
				ALWAYS_SEARCH_USER_PATHS = NO;
				ASSETCATALOG_COMPILER_GENERATE_SWIFT_ASSET_SYMBOL_EXTENSIONS = YES;
				CLANG_ANALYZER_NONNULL = YES;
				CLANG_ANALYZER_NUMBER_OBJECT_CONVERSION = YES_AGGRESSIVE;
				CLANG_CXX_LANGUAGE_STANDARD = "gnu++20";
				CLANG_ENABLE_MODULES = YES;
				CLANG_ENABLE_OBJC_ARC = YES;
				CLANG_ENABLE_OBJC_WEAK = YES;
				CLANG_WARN_BLOCK_CAPTURE_AUTORELEASING = YES;
				CLANG_WARN_BOOL_CONVERSION = YES;
				CLANG_WARN_COMMA = YES;
				CLANG_WARN_CONSTANT_CONVERSION = YES;
				CLANG_WARN_DEPRECATED_OBJC_IMPLEMENTATIONS = YES;
				CLANG_WARN_DIRECT_OBJC_ISA_USAGE = YES_ERROR;
				CLANG_WARN_DOCUMENTATION_COMMENTS = YES;
				CLANG_WARN_EMPTY_BODY = YES;
				CLANG_WARN_ENUM_CONVERSION = YES;
				CLANG_WARN_INFINITE_RECURSION = YES;
				CLANG_WARN_INT_CONVERSION = YES;
				CLANG_WARN_NON_LITERAL_NULL_CONVERSION = YES;
				CLANG_WARN_OBJC_IMPLICIT_RETAIN_SELF = YES;
				CLANG_WARN_OBJC_LITERAL_CONVERSION = YES;
				CLANG_WARN_OBJC_ROOT_CLASS = YES_ERROR;
				CLANG_WARN_QUOTED_INCLUDE_IN_FRAMEWORK_HEADER = YES;
				CLANG_WARN_RANGE_LOOP_ANALYSIS = YES;
				CLANG_WARN_STRICT_PROTOTYPES = YES;
				CLANG_WARN_SUSPICIOUS_MOVE = YES;
				CLANG_WARN_UNGUARDED_AVAILABILITY = YES_AGGRESSIVE;
				CLANG_WARN_UNREACHABLE_CODE = YES;
				CLANG_WARN__DUPLICATE_METHOD_MATCH = YES;
				COPY_PHASE_STRIP = NO;
				DEBUG_INFORMATION_FORMAT = "dwarf-with-dsym";
				ENABLE_NS_ASSERTIONS = NO;
				ENABLE_STRICT_OBJC_MSGSEND = YES;
				ENABLE_USER_SCRIPT_SANDBOXING = YES;
				GCC_C_LANGUAGE_STANDARD = gnu17;
				GCC_NO_COMMON_BLOCKS = YES;
				GCC_WARN_64_TO_32_BIT_CONVERSION = YES;
				GCC_WARN_ABOUT_RETURN_TYPE = YES_ERROR;
				GCC_WARN_UNDECLARED_SELECTOR = YES;
				GCC_WARN_UNINITIALIZED_AUTOS = YES_AGGRESSIVE;
				GCC_WARN_UNUSED_FUNCTION = YES;
				GCC_WARN_UNUSED_VARIABLE = YES;
				IPHONEOS_DEPLOYMENT_TARGET = 18.0;
				LOCALIZATION_PREFERS_STRING_CATALOGS = YES;
				MTL_ENABLE_DEBUG_INFO = NO;
				MTL_FAST_MATH = YES;
				SDKROOT = iphoneos;
				SWIFT_COMPILATION_MODE = wholemodule;
				VALIDATE_PRODUCT = YES;
			};
			name = Release;
		};
		2E48FC372CC77E6F00B94937 /* Debug */ = {
			isa = XCBuildConfiguration;
			buildSettings = {
				ASSETCATALOG_COMPILER_APPICON_NAME = AppIcon;
				ASSETCATALOG_COMPILER_GLOBAL_ACCENT_COLOR_NAME = AccentColor;
				CODE_SIGN_STYLE = Automatic;
				CURRENT_PROJECT_VERSION = 1;
				DEVELOPMENT_ASSET_PATHS = "\"Challenge22/Preview Content\"";
				ENABLE_PREVIEWS = YES;
				GENERATE_INFOPLIST_FILE = YES;
				INFOPLIST_KEY_UIApplicationSceneManifest_Generation = YES;
				INFOPLIST_KEY_UIApplicationSupportsIndirectInputEvents = YES;
				INFOPLIST_KEY_UILaunchScreen_Generation = YES;
				INFOPLIST_KEY_UISupportedInterfaceOrientations_iPad = "UIInterfaceOrientationPortrait UIInterfaceOrientationPortraitUpsideDown UIInterfaceOrientationLandscapeLeft UIInterfaceOrientationLandscapeRight";
				INFOPLIST_KEY_UISupportedInterfaceOrientations_iPhone = "UIInterfaceOrientationPortrait UIInterfaceOrientationLandscapeLeft UIInterfaceOrientationLandscapeRight";
				LD_RUNPATH_SEARCH_PATHS = (
					"$(inherited)",
					"@executable_path/Frameworks",
				);
				MARKETING_VERSION = 1.0;
				PRODUCT_BUNDLE_IDENTIFIER = com.Azhar.Challenge22;
				PRODUCT_NAME = "$(TARGET_NAME)";
				SWIFT_EMIT_LOC_STRINGS = YES;
				SWIFT_VERSION = 5.0;
				TARGETED_DEVICE_FAMILY = "1,2";
			};
			name = Debug;
		};
		2E48FC382CC77E6F00B94937 /* Release */ = {
			isa = XCBuildConfiguration;
			buildSettings = {
				ASSETCATALOG_COMPILER_APPICON_NAME = AppIcon;
				ASSETCATALOG_COMPILER_GLOBAL_ACCENT_COLOR_NAME = AccentColor;
				CODE_SIGN_STYLE = Automatic;
				CURRENT_PROJECT_VERSION = 1;
				DEVELOPMENT_ASSET_PATHS = "\"Challenge22/Preview Content\"";
				ENABLE_PREVIEWS = YES;
				GENERATE_INFOPLIST_FILE = YES;
				INFOPLIST_KEY_UIApplicationSceneManifest_Generation = YES;
				INFOPLIST_KEY_UIApplicationSupportsIndirectInputEvents = YES;
				INFOPLIST_KEY_UILaunchScreen_Generation = YES;
				INFOPLIST_KEY_UISupportedInterfaceOrientations_iPad = "UIInterfaceOrientationPortrait UIInterfaceOrientationPortraitUpsideDown UIInterfaceOrientationLandscapeLeft UIInterfaceOrientationLandscapeRight";
				INFOPLIST_KEY_UISupportedInterfaceOrientations_iPhone = "UIInterfaceOrientationPortrait UIInterfaceOrientationLandscapeLeft UIInterfaceOrientationLandscapeRight";
				LD_RUNPATH_SEARCH_PATHS = (
					"$(inherited)",
					"@executable_path/Frameworks",
				);
				MARKETING_VERSION = 1.0;
				PRODUCT_BUNDLE_IDENTIFIER = com.Azhar.Challenge22;
				PRODUCT_NAME = "$(TARGET_NAME)";
				SWIFT_EMIT_LOC_STRINGS = YES;
				SWIFT_VERSION = 5.0;
				TARGETED_DEVICE_FAMILY = "1,2";
			};
			name = Release;
		};
		2E48FC3A2CC77E6F00B94937 /* Debug */ = {
			isa = XCBuildConfiguration;
			buildSettings = {
				BUNDLE_LOADER = "$(TEST_HOST)";
				CODE_SIGN_STYLE = Automatic;
				CURRENT_PROJECT_VERSION = 1;
				GENERATE_INFOPLIST_FILE = YES;
				IPHONEOS_DEPLOYMENT_TARGET = 18.0;
				MARKETING_VERSION = 1.0;
				PRODUCT_BUNDLE_IDENTIFIER = com.Azhar.Challenge22Tests;
				PRODUCT_NAME = "$(TARGET_NAME)";
				SWIFT_EMIT_LOC_STRINGS = NO;
				SWIFT_VERSION = 5.0;
				TARGETED_DEVICE_FAMILY = "1,2";
				TEST_HOST = "$(BUILT_PRODUCTS_DIR)/Challenge22.app/$(BUNDLE_EXECUTABLE_FOLDER_PATH)/Challenge22";
			};
			name = Debug;
		};
		2E48FC3B2CC77E6F00B94937 /* Release */ = {
			isa = XCBuildConfiguration;
			buildSettings = {
				BUNDLE_LOADER = "$(TEST_HOST)";
				CODE_SIGN_STYLE = Automatic;
				CURRENT_PROJECT_VERSION = 1;
				GENERATE_INFOPLIST_FILE = YES;
				IPHONEOS_DEPLOYMENT_TARGET = 18.0;
				MARKETING_VERSION = 1.0;
				PRODUCT_BUNDLE_IDENTIFIER = com.Azhar.Challenge22Tests;
				PRODUCT_NAME = "$(TARGET_NAME)";
				SWIFT_EMIT_LOC_STRINGS = NO;
				SWIFT_VERSION = 5.0;
				TARGETED_DEVICE_FAMILY = "1,2";
				TEST_HOST = "$(BUILT_PRODUCTS_DIR)/Challenge22.app/$(BUNDLE_EXECUTABLE_FOLDER_PATH)/Challenge22";
			};
			name = Release;
		};
		2E48FC3D2CC77E6F00B94937 /* Debug */ = {
			isa = XCBuildConfiguration;
			buildSettings = {
				CODE_SIGN_STYLE = Automatic;
				CURRENT_PROJECT_VERSION = 1;
				GENERATE_INFOPLIST_FILE = YES;
				MARKETING_VERSION = 1.0;
				PRODUCT_BUNDLE_IDENTIFIER = com.Azhar.Challenge22UITests;
				PRODUCT_NAME = "$(TARGET_NAME)";
				SWIFT_EMIT_LOC_STRINGS = NO;
				SWIFT_VERSION = 5.0;
				TARGETED_DEVICE_FAMILY = "1,2";
				TEST_TARGET_NAME = Challenge22;
			};
			name = Debug;
		};
		2E48FC3E2CC77E6F00B94937 /* Release */ = {
			isa = XCBuildConfiguration;
			buildSettings = {
				CODE_SIGN_STYLE = Automatic;
				CURRENT_PROJECT_VERSION = 1;
				GENERATE_INFOPLIST_FILE = YES;
				MARKETING_VERSION = 1.0;
				PRODUCT_BUNDLE_IDENTIFIER = com.Azhar.Challenge22UITests;
				PRODUCT_NAME = "$(TARGET_NAME)";
				SWIFT_EMIT_LOC_STRINGS = NO;
				SWIFT_VERSION = 5.0;
				TARGETED_DEVICE_FAMILY = "1,2";
				TEST_TARGET_NAME = Challenge22;
			};
			name = Release;
		};
/* End XCBuildConfiguration section */

/* Begin XCConfigurationList section */
		2E48FC0D2CC77E6D00B94937 /* Build configuration list for PBXProject "Challenge22" */ = {
			isa = XCConfigurationList;
			buildConfigurations = (
				2E48FC342CC77E6F00B94937 /* Debug */,
				2E48FC352CC77E6F00B94937 /* Release */,
			);
			defaultConfigurationIsVisible = 0;
			defaultConfigurationName = Release;
		};
		2E48FC362CC77E6F00B94937 /* Build configuration list for PBXNativeTarget "Challenge22" */ = {
			isa = XCConfigurationList;
			buildConfigurations = (
				2E48FC372CC77E6F00B94937 /* Debug */,
				2E48FC382CC77E6F00B94937 /* Release */,
			);
			defaultConfigurationIsVisible = 0;
			defaultConfigurationName = Release;
		};
		2E48FC392CC77E6F00B94937 /* Build configuration list for PBXNativeTarget "Challenge22Tests" */ = {
			isa = XCConfigurationList;
			buildConfigurations = (
				2E48FC3A2CC77E6F00B94937 /* Debug */,
				2E48FC3B2CC77E6F00B94937 /* Release */,
			);
			defaultConfigurationIsVisible = 0;
			defaultConfigurationName = Release;
		};
		2E48FC3C2CC77E6F00B94937 /* Build configuration list for PBXNativeTarget "Challenge22UITests" */ = {
			isa = XCConfigurationList;
			buildConfigurations = (
				2E48FC3D2CC77E6F00B94937 /* Debug */,
				2E48FC3E2CC77E6F00B94937 /* Release */,
			);
			defaultConfigurationIsVisible = 0;
			defaultConfigurationName = Release;
		};
/* End XCConfigurationList section */
	};
	rootObject = 2E48FC0A2CC77E6D00B94937 /* Project object */;
}
